
Microsoft Visual Studio Solution File, Format Version 12.00
# Visual Studio 15
VisualStudioVersion = 15.0.27703.2042
MinimumVisualStudioVersion = 10.0.40219.1
Project("{FAE04EC0-301F-11D3-BF4B-00C04F79EFBC}") = "CardViewDemo.Android", "CardViewDemo\CardViewDemo.Android\CardViewDemo.Android.csproj", "{9219CAD4-634F-4B0D-952A-DC8B43D22415}"
EndProject
Project("{FAE04EC0-301F-11D3-BF4B-00C04F79EFBC}") = "CardViewDemo.iOS", "CardViewDemo\CardViewDemo.iOS\CardViewDemo.iOS.csproj", "{FF57009B-C77B-46AC-AA0C-AF7B4E7BE017}"
EndProject
Project("{FAE04EC0-301F-11D3-BF4B-00C04F79EFBC}") = "CardViewDemo", "CardViewDemo\CardViewDemo\CardViewDemo.csproj", "{5E8F70C3-2D54-48F9-A733-EA9309C560FC}"
EndProject
Global
	GlobalSection(SolutionConfigurationPlatforms) = preSolution
		Debug|Any CPU = Debug|Any CPU
		Debug|iPhone = Debug|iPhone
		Debug|iPhoneSimulator = Debug|iPhoneSimulator
		Release|Any CPU = Release|Any CPU
		Release|iPhone = Release|iPhone
		Release|iPhoneSimulator = Release|iPhoneSimulator
	EndGlobalSection
	GlobalSection(ProjectConfigurationPlatforms) = postSolution
		{9219CAD4-634F-4B0D-952A-DC8B43D22415}.Debug|Any CPU.ActiveCfg = Debug|Any CPU
		{9219CAD4-634F-4B0D-952A-DC8B43D22415}.Debug|Any CPU.Build.0 = Debug|Any CPU
		{9219CAD4-634F-4B0D-952A-DC8B43D22415}.Debug|Any CPU.Deploy.0 = Debug|Any CPU
		{9219CAD4-634F-4B0D-952A-DC8B43D22415}.Debug|iPhone.ActiveCfg = Debug|Any CPU
		{9219CAD4-634F-4B0D-952A-DC8B43D22415}.Debug|iPhone.Build.0 = Debug|Any CPU
		{9219CAD4-634F-4B0D-952A-DC8B43D22415}.Debug|iPhone.Deploy.0 = Debug|Any CPU
		{9219CAD4-634F-4B0D-952A-DC8B43D22415}.Debug|iPhoneSimulator.ActiveCfg = Debug|Any CPU
		{9219CAD4-634F-4B0D-952A-DC8B43D22415}.Debug|iPhoneSimulator.Build.0 = Debug|Any CPU
		{9219CAD4-634F-4B0D-952A-DC8B43D22415}.Debug|iPhoneSimulator.Deploy.0 = Debug|Any CPU
		{9219CAD4-634F-4B0D-952A-DC8B43D22415}.Release|Any CPU.ActiveCfg = Release|Any CPU
		{9219CAD4-634F-4B0D-952A-DC8B43D22415}.Release|Any CPU.Build.0 = Release|Any CPU
		{9219CAD4-634F-4B0D-952A-DC8B43D22415}.Release|Any CPU.Deploy.0 = Release|Any CPU
		{9219CAD4-634F-4B0D-952A-DC8B43D22415}.Release|iPhone.ActiveCfg = Release|Any CPU
		{9219CAD4-634F-4B0D-952A-DC8B43D22415}.Release|iPhone.Build.0 = Release|Any CPU
		{9219CAD4-634F-4B0D-952A-DC8B43D22415}.Release|iPhone.Deploy.0 = Release|Any CPU
		{9219CAD4-634F-4B0D-952A-DC8B43D22415}.Release|iPhoneSimulator.ActiveCfg = Release|Any CPU
		{9219CAD4-634F-4B0D-952A-DC8B43D22415}.Release|iPhoneSimulator.Build.0 = Release|Any CPU
		{9219CAD4-634F-4B0D-952A-DC8B43D22415}.Release|iPhoneSimulator.Deploy.0 = Release|Any CPU
		{FF57009B-C77B-46AC-AA0C-AF7B4E7BE017}.Debug|Any CPU.ActiveCfg = Debug|iPhoneSimulator
		{FF57009B-C77B-46AC-AA0C-AF7B4E7BE017}.Debug|Any CPU.Build.0 = Debug|iPhoneSimulator
		{FF57009B-C77B-46AC-AA0C-AF7B4E7BE017}.Debug|Any CPU.Deploy.0 = Debug|iPhoneSimulator
		{FF57009B-C77B-46AC-AA0C-AF7B4E7BE017}.Debug|iPhone.ActiveCfg = Debug|iPhone
		{FF57009B-C77B-46AC-AA0C-AF7B4E7BE017}.Debug|iPhone.Build.0 = Debug|iPhone
		{FF57009B-C77B-46AC-AA0C-AF7B4E7BE017}.Debug|iPhone.Deploy.0 = Debug|iPhone
		{FF57009B-C77B-46AC-AA0C-AF7B4E7BE017}.Debug|iPhoneSimulator.ActiveCfg = Debug|iPhoneSimulator
		{FF57009B-C77B-46AC-AA0C-AF7B4E7BE017}.Debug|iPhoneSimulator.Build.0 = Debug|iPhoneSimulator
		{FF57009B-C77B-46AC-AA0C-AF7B4E7BE017}.Debug|iPhoneSimulator.Deploy.0 = Debug|iPhoneSimulator
		{FF57009B-C77B-46AC-AA0C-AF7B4E7BE017}.Release|Any CPU.ActiveCfg = Release|iPhone
		{FF57009B-C77B-46AC-AA0C-AF7B4E7BE017}.Release|Any CPU.Build.0 = Release|iPhone
		{FF57009B-C77B-46AC-AA0C-AF7B4E7BE017}.Release|Any CPU.Deploy.0 = Release|iPhone
		{FF57009B-C77B-46AC-AA0C-AF7B4E7BE017}.Release|iPhone.ActiveCfg = Release|iPhone
		{FF57009B-C77B-46AC-AA0C-AF7B4E7BE017}.Release|iPhone.Build.0 = Release|iPhone
		{FF57009B-C77B-46AC-AA0C-AF7B4E7BE017}.Release|iPhone.Deploy.0 = Release|iPhone
		{FF57009B-C77B-46AC-AA0C-AF7B4E7BE017}.Release|iPhoneSimulator.ActiveCfg = Release|iPhoneSimulator
		{FF57009B-C77B-46AC-AA0C-AF7B4E7BE017}.Release|iPhoneSimulator.Build.0 = Release|iPhoneSimulator
		{FF57009B-C77B-46AC-AA0C-AF7B4E7BE017}.Release|iPhoneSimulator.Deploy.0 = Release|iPhoneSimulator
		{5E8F70C3-2D54-48F9-A733-EA9309C560FC}.Debug|Any CPU.ActiveCfg = Debug|Any CPU
		{5E8F70C3-2D54-48F9-A733-EA9309C560FC}.Debug|Any CPU.Build.0 = Debug|Any CPU
		{5E8F70C3-2D54-48F9-A733-EA9309C560FC}.Debug|Any CPU.Deploy.0 = Debug|Any CPU
		{5E8F70C3-2D54-48F9-A733-EA9309C560FC}.Debug|iPhone.ActiveCfg = Debug|Any CPU
		{5E8F70C3-2D54-48F9-A733-EA9309C560FC}.Debug|iPhone.Build.0 = Debug|Any CPU
		{5E8F70C3-2D54-48F9-A733-EA9309C560FC}.Debug|iPhone.Deploy.0 = Debug|Any CPU
		{5E8F70C3-2D54-48F9-A733-EA9309C560FC}.Debug|iPhoneSimulator.ActiveCfg = Debug|Any CPU
		{5E8F70C3-2D54-48F9-A733-EA9309C560FC}.Debug|iPhoneSimulator.Build.0 = Debug|Any CPU
		{5E8F70C3-2D54-48F9-A733-EA9309C560FC}.Debug|iPhoneSimulator.Deploy.0 = Debug|Any CPU
		{5E8F70C3-2D54-48F9-A733-EA9309C560FC}.Release|Any CPU.ActiveCfg = Release|Any CPU
		{5E8F70C3-2D54-48F9-A733-EA9309C560FC}.Release|Any CPU.Build.0 = Release|Any CPU
		{5E8F70C3-2D54-48F9-A733-EA9309C560FC}.Release|Any CPU.Deploy.0 = Release|Any CPU
		{5E8F70C3-2D54-48F9-A733-EA9309C560FC}.Release|iPhone.ActiveCfg = Release|Any CPU
		{5E8F70C3-2D54-48F9-A733-EA9309C560FC}.Release|iPhone.Build.0 = Release|Any CPU
		{5E8F70C3-2D54-48F9-A733-EA9309C560FC}.Release|iPhone.Deploy.0 = Release|Any CPU
		{5E8F70C3-2D54-48F9-A733-EA9309C560FC}.Release|iPhoneSimulator.ActiveCfg = Release|Any CPU
		{5E8F70C3-2D54-48F9-A733-EA9309C560FC}.Release|iPhoneSimulator.Build.0 = Release|Any CPU
		{5E8F70C3-2D54-48F9-A733-EA9309C560FC}.Release|iPhoneSimulator.Deploy.0 = Release|Any CPU
	EndGlobalSection
	GlobalSection(SolutionProperties) = preSolution
		HideSolutionNode = FALSE
	EndGlobalSection
	GlobalSection(ExtensibilityGlobals) = postSolution
		SolutionGuid = {A51665B6-0104-4BE3-865B-29480448930D}
	EndGlobalSection
EndGlobal
