
Microsoft Visual Studio Solution File, Format Version 12.00
# Visual Studio 15
VisualStudioVersion = 15.0.27703.2042
MinimumVisualStudioVersion = 10.0.40219.1
Project("{FAE04EC0-301F-11D3-BF4B-00C04F79EFBC}") = "NeceTrack.Android", "NeceTrack\NeceTrack.Android\NeceTrack.Android.csproj", "{12BE2838-0BAA-40CB-9A22-DB337148799F}"
EndProject
Project("{FAE04EC0-301F-11D3-BF4B-00C04F79EFBC}") = "NeceTrack.iOS", "NeceTrack\NeceTrack.iOS\NeceTrack.iOS.csproj", "{7347E02F-5B03-44F7-944B-DC6E565135B9}"
EndProject
Project("{FAE04EC0-301F-11D3-BF4B-00C04F79EFBC}") = "NeceTrack", "NeceTrack\NeceTrack\NeceTrack.csproj", "{10FCA24D-9525-4EAA-979C-94500AB84EF0}"
EndProject
Global
	GlobalSection(SolutionConfigurationPlatforms) = preSolution
		Ad-Hoc|Any CPU = Ad-Hoc|Any CPU
		Ad-Hoc|iPhone = Ad-Hoc|iPhone
		Ad-Hoc|iPhoneSimulator = Ad-Hoc|iPhoneSimulator
		AppStore|Any CPU = AppStore|Any CPU
		AppStore|iPhone = AppStore|iPhone
		AppStore|iPhoneSimulator = AppStore|iPhoneSimulator
		Debug|Any CPU = Debug|Any CPU
		Debug|iPhone = Debug|iPhone
		Debug|iPhoneSimulator = Debug|iPhoneSimulator
		Release|Any CPU = Release|Any CPU
		Release|iPhone = Release|iPhone
		Release|iPhoneSimulator = Release|iPhoneSimulator
	EndGlobalSection
	GlobalSection(ProjectConfigurationPlatforms) = postSolution
		{12BE2838-0BAA-40CB-9A22-DB337148799F}.Ad-Hoc|Any CPU.ActiveCfg = Release|Any CPU
		{12BE2838-0BAA-40CB-9A22-DB337148799F}.Ad-Hoc|Any CPU.Build.0 = Release|Any CPU
		{12BE2838-0BAA-40CB-9A22-DB337148799F}.Ad-Hoc|Any CPU.Deploy.0 = Release|Any CPU
		{12BE2838-0BAA-40CB-9A22-DB337148799F}.Ad-Hoc|iPhone.ActiveCfg = Release|Any CPU
		{12BE2838-0BAA-40CB-9A22-DB337148799F}.Ad-Hoc|iPhone.Build.0 = Release|Any CPU
		{12BE2838-0BAA-40CB-9A22-DB337148799F}.Ad-Hoc|iPhone.Deploy.0 = Release|Any CPU
		{12BE2838-0BAA-40CB-9A22-DB337148799F}.Ad-Hoc|iPhoneSimulator.ActiveCfg = Release|Any CPU
		{12BE2838-0BAA-40CB-9A22-DB337148799F}.Ad-Hoc|iPhoneSimulator.Build.0 = Release|Any CPU
		{12BE2838-0BAA-40CB-9A22-DB337148799F}.Ad-Hoc|iPhoneSimulator.Deploy.0 = Release|Any CPU
		{12BE2838-0BAA-40CB-9A22-DB337148799F}.AppStore|Any CPU.ActiveCfg = Release|Any CPU
		{12BE2838-0BAA-40CB-9A22-DB337148799F}.AppStore|Any CPU.Build.0 = Release|Any CPU
		{12BE2838-0BAA-40CB-9A22-DB337148799F}.AppStore|Any CPU.Deploy.0 = Release|Any CPU
		{12BE2838-0BAA-40CB-9A22-DB337148799F}.AppStore|iPhone.ActiveCfg = Release|Any CPU
		{12BE2838-0BAA-40CB-9A22-DB337148799F}.AppStore|iPhone.Build.0 = Release|Any CPU
		{12BE2838-0BAA-40CB-9A22-DB337148799F}.AppStore|iPhone.Deploy.0 = Release|Any CPU
		{12BE2838-0BAA-40CB-9A22-DB337148799F}.AppStore|iPhoneSimulator.ActiveCfg = Release|Any CPU
		{12BE2838-0BAA-40CB-9A22-DB337148799F}.AppStore|iPhoneSimulator.Build.0 = Release|Any CPU
		{12BE2838-0BAA-40CB-9A22-DB337148799F}.AppStore|iPhoneSimulator.Deploy.0 = Release|Any CPU
		{12BE2838-0BAA-40CB-9A22-DB337148799F}.Debug|Any CPU.ActiveCfg = Debug|Any CPU
		{12BE2838-0BAA-40CB-9A22-DB337148799F}.Debug|Any CPU.Build.0 = Debug|Any CPU
		{12BE2838-0BAA-40CB-9A22-DB337148799F}.Debug|Any CPU.Deploy.0 = Debug|Any CPU
		{12BE2838-0BAA-40CB-9A22-DB337148799F}.Debug|iPhone.ActiveCfg = Debug|Any CPU
		{12BE2838-0BAA-40CB-9A22-DB337148799F}.Debug|iPhone.Build.0 = Debug|Any CPU
		{12BE2838-0BAA-40CB-9A22-DB337148799F}.Debug|iPhone.Deploy.0 = Debug|Any CPU
		{12BE2838-0BAA-40CB-9A22-DB337148799F}.Debug|iPhoneSimulator.ActiveCfg = Debug|Any CPU
		{12BE2838-0BAA-40CB-9A22-DB337148799F}.Debug|iPhoneSimulator.Build.0 = Debug|Any CPU
		{12BE2838-0BAA-40CB-9A22-DB337148799F}.Debug|iPhoneSimulator.Deploy.0 = Debug|Any CPU
		{12BE2838-0BAA-40CB-9A22-DB337148799F}.Release|Any CPU.ActiveCfg = Release|Any CPU
		{12BE2838-0BAA-40CB-9A22-DB337148799F}.Release|Any CPU.Build.0 = Release|Any CPU
		{12BE2838-0BAA-40CB-9A22-DB337148799F}.Release|Any CPU.Deploy.0 = Release|Any CPU
		{12BE2838-0BAA-40CB-9A22-DB337148799F}.Release|iPhone.ActiveCfg = Release|Any CPU
		{12BE2838-0BAA-40CB-9A22-DB337148799F}.Release|iPhone.Build.0 = Release|Any CPU
		{12BE2838-0BAA-40CB-9A22-DB337148799F}.Release|iPhone.Deploy.0 = Release|Any CPU
		{12BE2838-0BAA-40CB-9A22-DB337148799F}.Release|iPhoneSimulator.ActiveCfg = Release|Any CPU
		{12BE2838-0BAA-40CB-9A22-DB337148799F}.Release|iPhoneSimulator.Build.0 = Release|Any CPU
		{12BE2838-0BAA-40CB-9A22-DB337148799F}.Release|iPhoneSimulator.Deploy.0 = Release|Any CPU
		{7347E02F-5B03-44F7-944B-DC6E565135B9}.Ad-Hoc|Any CPU.ActiveCfg = Ad-Hoc|iPhone
		{7347E02F-5B03-44F7-944B-DC6E565135B9}.Ad-Hoc|Any CPU.Build.0 = Ad-Hoc|iPhone
		{7347E02F-5B03-44F7-944B-DC6E565135B9}.Ad-Hoc|Any CPU.Deploy.0 = Ad-Hoc|iPhone
		{7347E02F-5B03-44F7-944B-DC6E565135B9}.Ad-Hoc|iPhone.ActiveCfg = Ad-Hoc|iPhone
		{7347E02F-5B03-44F7-944B-DC6E565135B9}.Ad-Hoc|iPhone.Build.0 = Ad-Hoc|iPhone
		{7347E02F-5B03-44F7-944B-DC6E565135B9}.Ad-Hoc|iPhone.Deploy.0 = Ad-Hoc|iPhone
		{7347E02F-5B03-44F7-944B-DC6E565135B9}.Ad-Hoc|iPhoneSimulator.ActiveCfg = Ad-Hoc|iPhoneSimulator
		{7347E02F-5B03-44F7-944B-DC6E565135B9}.Ad-Hoc|iPhoneSimulator.Build.0 = Ad-Hoc|iPhoneSimulator
		{7347E02F-5B03-44F7-944B-DC6E565135B9}.Ad-Hoc|iPhoneSimulator.Deploy.0 = Ad-Hoc|iPhoneSimulator
		{7347E02F-5B03-44F7-944B-DC6E565135B9}.AppStore|Any CPU.ActiveCfg = AppStore|iPhone
		{7347E02F-5B03-44F7-944B-DC6E565135B9}.AppStore|Any CPU.Build.0 = AppStore|iPhone
		{7347E02F-5B03-44F7-944B-DC6E565135B9}.AppStore|Any CPU.Deploy.0 = AppStore|iPhone
		{7347E02F-5B03-44F7-944B-DC6E565135B9}.AppStore|iPhone.ActiveCfg = AppStore|iPhone
		{7347E02F-5B03-44F7-944B-DC6E565135B9}.AppStore|iPhone.Build.0 = AppStore|iPhone
		{7347E02F-5B03-44F7-944B-DC6E565135B9}.AppStore|iPhone.Deploy.0 = AppStore|iPhone
		{7347E02F-5B03-44F7-944B-DC6E565135B9}.AppStore|iPhoneSimulator.ActiveCfg = AppStore|iPhoneSimulator
		{7347E02F-5B03-44F7-944B-DC6E565135B9}.AppStore|iPhoneSimulator.Build.0 = AppStore|iPhoneSimulator
		{7347E02F-5B03-44F7-944B-DC6E565135B9}.AppStore|iPhoneSimulator.Deploy.0 = AppStore|iPhoneSimulator
		{7347E02F-5B03-44F7-944B-DC6E565135B9}.Debug|Any CPU.ActiveCfg = Debug|iPhoneSimulator
		{7347E02F-5B03-44F7-944B-DC6E565135B9}.Debug|Any CPU.Build.0 = Debug|iPhoneSimulator
		{7347E02F-5B03-44F7-944B-DC6E565135B9}.Debug|Any CPU.Deploy.0 = Debug|iPhoneSimulator
		{7347E02F-5B03-44F7-944B-DC6E565135B9}.Debug|iPhone.ActiveCfg = Debug|iPhone
		{7347E02F-5B03-44F7-944B-DC6E565135B9}.Debug|iPhone.Build.0 = Debug|iPhone
		{7347E02F-5B03-44F7-944B-DC6E565135B9}.Debug|iPhone.Deploy.0 = Debug|iPhone
		{7347E02F-5B03-44F7-944B-DC6E565135B9}.Debug|iPhoneSimulator.ActiveCfg = Debug|iPhoneSimulator
		{7347E02F-5B03-44F7-944B-DC6E565135B9}.Debug|iPhoneSimulator.Build.0 = Debug|iPhoneSimulator
		{7347E02F-5B03-44F7-944B-DC6E565135B9}.Debug|iPhoneSimulator.Deploy.0 = Debug|iPhoneSimulator
		{7347E02F-5B03-44F7-944B-DC6E565135B9}.Release|Any CPU.ActiveCfg = Release|iPhone
		{7347E02F-5B03-44F7-944B-DC6E565135B9}.Release|Any CPU.Build.0 = Release|iPhone
		{7347E02F-5B03-44F7-944B-DC6E565135B9}.Release|Any CPU.Deploy.0 = Release|iPhone
		{7347E02F-5B03-44F7-944B-DC6E565135B9}.Release|iPhone.ActiveCfg = Release|iPhone
		{7347E02F-5B03-44F7-944B-DC6E565135B9}.Release|iPhone.Build.0 = Release|iPhone
		{7347E02F-5B03-44F7-944B-DC6E565135B9}.Release|iPhone.Deploy.0 = Release|iPhone
		{7347E02F-5B03-44F7-944B-DC6E565135B9}.Release|iPhoneSimulator.ActiveCfg = Release|iPhoneSimulator
		{7347E02F-5B03-44F7-944B-DC6E565135B9}.Release|iPhoneSimulator.Build.0 = Release|iPhoneSimulator
		{7347E02F-5B03-44F7-944B-DC6E565135B9}.Release|iPhoneSimulator.Deploy.0 = Release|iPhoneSimulator
		{10FCA24D-9525-4EAA-979C-94500AB84EF0}.Ad-Hoc|Any CPU.ActiveCfg = Debug|Any CPU
		{10FCA24D-9525-4EAA-979C-94500AB84EF0}.Ad-Hoc|Any CPU.Build.0 = Debug|Any CPU
		{10FCA24D-9525-4EAA-979C-94500AB84EF0}.Ad-Hoc|Any CPU.Deploy.0 = Debug|Any CPU
		{10FCA24D-9525-4EAA-979C-94500AB84EF0}.Ad-Hoc|iPhone.ActiveCfg = Debug|Any CPU
		{10FCA24D-9525-4EAA-979C-94500AB84EF0}.Ad-Hoc|iPhone.Build.0 = Debug|Any CPU
		{10FCA24D-9525-4EAA-979C-94500AB84EF0}.Ad-Hoc|iPhone.Deploy.0 = Debug|Any CPU
		{10FCA24D-9525-4EAA-979C-94500AB84EF0}.Ad-Hoc|iPhoneSimulator.ActiveCfg = Debug|Any CPU
		{10FCA24D-9525-4EAA-979C-94500AB84EF0}.Ad-Hoc|iPhoneSimulator.Build.0 = Debug|Any CPU
		{10FCA24D-9525-4EAA-979C-94500AB84EF0}.Ad-Hoc|iPhoneSimulator.Deploy.0 = Debug|Any CPU
		{10FCA24D-9525-4EAA-979C-94500AB84EF0}.AppStore|Any CPU.ActiveCfg = Debug|Any CPU
		{10FCA24D-9525-4EAA-979C-94500AB84EF0}.AppStore|Any CPU.Build.0 = Debug|Any CPU
		{10FCA24D-9525-4EAA-979C-94500AB84EF0}.AppStore|Any CPU.Deploy.0 = Debug|Any CPU
		{10FCA24D-9525-4EAA-979C-94500AB84EF0}.AppStore|iPhone.ActiveCfg = Debug|Any CPU
		{10FCA24D-9525-4EAA-979C-94500AB84EF0}.AppStore|iPhone.Build.0 = Debug|Any CPU
		{10FCA24D-9525-4EAA-979C-94500AB84EF0}.AppStore|iPhone.Deploy.0 = Debug|Any CPU
		{10FCA24D-9525-4EAA-979C-94500AB84EF0}.AppStore|iPhoneSimulator.ActiveCfg = Debug|Any CPU
		{10FCA24D-9525-4EAA-979C-94500AB84EF0}.AppStore|iPhoneSimulator.Build.0 = Debug|Any CPU
		{10FCA24D-9525-4EAA-979C-94500AB84EF0}.AppStore|iPhoneSimulator.Deploy.0 = Debug|Any CPU
		{10FCA24D-9525-4EAA-979C-94500AB84EF0}.Debug|Any CPU.ActiveCfg = Debug|Any CPU
		{10FCA24D-9525-4EAA-979C-94500AB84EF0}.Debug|Any CPU.Build.0 = Debug|Any CPU
		{10FCA24D-9525-4EAA-979C-94500AB84EF0}.Debug|Any CPU.Deploy.0 = Debug|Any CPU
		{10FCA24D-9525-4EAA-979C-94500AB84EF0}.Debug|iPhone.ActiveCfg = Debug|Any CPU
		{10FCA24D-9525-4EAA-979C-94500AB84EF0}.Debug|iPhone.Build.0 = Debug|Any CPU
		{10FCA24D-9525-4EAA-979C-94500AB84EF0}.Debug|iPhone.Deploy.0 = Debug|Any CPU
		{10FCA24D-9525-4EAA-979C-94500AB84EF0}.Debug|iPhoneSimulator.ActiveCfg = Debug|Any CPU
		{10FCA24D-9525-4EAA-979C-94500AB84EF0}.Debug|iPhoneSimulator.Build.0 = Debug|Any CPU
		{10FCA24D-9525-4EAA-979C-94500AB84EF0}.Debug|iPhoneSimulator.Deploy.0 = Debug|Any CPU
		{10FCA24D-9525-4EAA-979C-94500AB84EF0}.Release|Any CPU.ActiveCfg = Release|Any CPU
		{10FCA24D-9525-4EAA-979C-94500AB84EF0}.Release|Any CPU.Build.0 = Release|Any CPU
		{10FCA24D-9525-4EAA-979C-94500AB84EF0}.Release|Any CPU.Deploy.0 = Release|Any CPU
		{10FCA24D-9525-4EAA-979C-94500AB84EF0}.Release|iPhone.ActiveCfg = Release|Any CPU
		{10FCA24D-9525-4EAA-979C-94500AB84EF0}.Release|iPhone.Build.0 = Release|Any CPU
		{10FCA24D-9525-4EAA-979C-94500AB84EF0}.Release|iPhone.Deploy.0 = Release|Any CPU
		{10FCA24D-9525-4EAA-979C-94500AB84EF0}.Release|iPhoneSimulator.ActiveCfg = Release|Any CPU
		{10FCA24D-9525-4EAA-979C-94500AB84EF0}.Release|iPhoneSimulator.Build.0 = Release|Any CPU
		{10FCA24D-9525-4EAA-979C-94500AB84EF0}.Release|iPhoneSimulator.Deploy.0 = Release|Any CPU
	EndGlobalSection
	GlobalSection(SolutionProperties) = preSolution
		HideSolutionNode = FALSE
	EndGlobalSection
	GlobalSection(ExtensibilityGlobals) = postSolution
		SolutionGuid = {D170D38A-8BFA-44A8-B27C-996C489732EB}
	EndGlobalSection
EndGlobal
