
Microsoft Visual Studio Solution File, Format Version 12.00
# Visual Studio 15
VisualStudioVersion = 15.0.27703.2042
MinimumVisualStudioVersion = 10.0.40219.1
Project("{FAE04EC0-301F-11D3-BF4B-00C04F79EFBC}") = "demo_ms_master.Android", "demo_ms_master\demo_ms_master.Android\demo_ms_master.Android.csproj", "{4005DB7E-EC43-4403-A0B5-28A9405C9463}"
EndProject
Project("{FAE04EC0-301F-11D3-BF4B-00C04F79EFBC}") = "demo_ms_master.iOS", "demo_ms_master\demo_ms_master.iOS\demo_ms_master.iOS.csproj", "{39594E0C-9983-406D-A2F6-AB9CACE258D4}"
EndProject
Project("{FAE04EC0-301F-11D3-BF4B-00C04F79EFBC}") = "demo_ms_master", "demo_ms_master\demo_ms_master\demo_ms_master.csproj", "{C462B471-86A5-4A16-BB29-C887FD3063FA}"
EndProject
Global
	GlobalSection(SolutionConfigurationPlatforms) = preSolution
		Debug|Any CPU = Debug|Any CPU
		Debug|iPhone = Debug|iPhone
		Debug|iPhoneSimulator = Debug|iPhoneSimulator
		Release|Any CPU = Release|Any CPU
		Release|iPhone = Release|iPhone
		Release|iPhoneSimulator = Release|iPhoneSimulator
	EndGlobalSection
	GlobalSection(ProjectConfigurationPlatforms) = postSolution
		{4005DB7E-EC43-4403-A0B5-28A9405C9463}.Debug|Any CPU.ActiveCfg = Debug|Any CPU
		{4005DB7E-EC43-4403-A0B5-28A9405C9463}.Debug|Any CPU.Build.0 = Debug|Any CPU
		{4005DB7E-EC43-4403-A0B5-28A9405C9463}.Debug|Any CPU.Deploy.0 = Debug|Any CPU
		{4005DB7E-EC43-4403-A0B5-28A9405C9463}.Debug|iPhone.ActiveCfg = Debug|Any CPU
		{4005DB7E-EC43-4403-A0B5-28A9405C9463}.Debug|iPhone.Build.0 = Debug|Any CPU
		{4005DB7E-EC43-4403-A0B5-28A9405C9463}.Debug|iPhone.Deploy.0 = Debug|Any CPU
		{4005DB7E-EC43-4403-A0B5-28A9405C9463}.Debug|iPhoneSimulator.ActiveCfg = Debug|Any CPU
		{4005DB7E-EC43-4403-A0B5-28A9405C9463}.Debug|iPhoneSimulator.Build.0 = Debug|Any CPU
		{4005DB7E-EC43-4403-A0B5-28A9405C9463}.Debug|iPhoneSimulator.Deploy.0 = Debug|Any CPU
		{4005DB7E-EC43-4403-A0B5-28A9405C9463}.Release|Any CPU.ActiveCfg = Release|Any CPU
		{4005DB7E-EC43-4403-A0B5-28A9405C9463}.Release|Any CPU.Build.0 = Release|Any CPU
		{4005DB7E-EC43-4403-A0B5-28A9405C9463}.Release|Any CPU.Deploy.0 = Release|Any CPU
		{4005DB7E-EC43-4403-A0B5-28A9405C9463}.Release|iPhone.ActiveCfg = Release|Any CPU
		{4005DB7E-EC43-4403-A0B5-28A9405C9463}.Release|iPhone.Build.0 = Release|Any CPU
		{4005DB7E-EC43-4403-A0B5-28A9405C9463}.Release|iPhone.Deploy.0 = Release|Any CPU
		{4005DB7E-EC43-4403-A0B5-28A9405C9463}.Release|iPhoneSimulator.ActiveCfg = Release|Any CPU
		{4005DB7E-EC43-4403-A0B5-28A9405C9463}.Release|iPhoneSimulator.Build.0 = Release|Any CPU
		{4005DB7E-EC43-4403-A0B5-28A9405C9463}.Release|iPhoneSimulator.Deploy.0 = Release|Any CPU
		{39594E0C-9983-406D-A2F6-AB9CACE258D4}.Debug|Any CPU.ActiveCfg = Debug|iPhoneSimulator
		{39594E0C-9983-406D-A2F6-AB9CACE258D4}.Debug|Any CPU.Build.0 = Debug|iPhoneSimulator
		{39594E0C-9983-406D-A2F6-AB9CACE258D4}.Debug|Any CPU.Deploy.0 = Debug|iPhoneSimulator
		{39594E0C-9983-406D-A2F6-AB9CACE258D4}.Debug|iPhone.ActiveCfg = Debug|iPhone
		{39594E0C-9983-406D-A2F6-AB9CACE258D4}.Debug|iPhone.Build.0 = Debug|iPhone
		{39594E0C-9983-406D-A2F6-AB9CACE258D4}.Debug|iPhone.Deploy.0 = Debug|iPhone
		{39594E0C-9983-406D-A2F6-AB9CACE258D4}.Debug|iPhoneSimulator.ActiveCfg = Debug|iPhoneSimulator
		{39594E0C-9983-406D-A2F6-AB9CACE258D4}.Debug|iPhoneSimulator.Build.0 = Debug|iPhoneSimulator
		{39594E0C-9983-406D-A2F6-AB9CACE258D4}.Debug|iPhoneSimulator.Deploy.0 = Debug|iPhoneSimulator
		{39594E0C-9983-406D-A2F6-AB9CACE258D4}.Release|Any CPU.ActiveCfg = Release|iPhone
		{39594E0C-9983-406D-A2F6-AB9CACE258D4}.Release|Any CPU.Build.0 = Release|iPhone
		{39594E0C-9983-406D-A2F6-AB9CACE258D4}.Release|Any CPU.Deploy.0 = Release|iPhone
		{39594E0C-9983-406D-A2F6-AB9CACE258D4}.Release|iPhone.ActiveCfg = Release|iPhone
		{39594E0C-9983-406D-A2F6-AB9CACE258D4}.Release|iPhone.Build.0 = Release|iPhone
		{39594E0C-9983-406D-A2F6-AB9CACE258D4}.Release|iPhone.Deploy.0 = Release|iPhone
		{39594E0C-9983-406D-A2F6-AB9CACE258D4}.Release|iPhoneSimulator.ActiveCfg = Release|iPhoneSimulator
		{39594E0C-9983-406D-A2F6-AB9CACE258D4}.Release|iPhoneSimulator.Build.0 = Release|iPhoneSimulator
		{39594E0C-9983-406D-A2F6-AB9CACE258D4}.Release|iPhoneSimulator.Deploy.0 = Release|iPhoneSimulator
		{C462B471-86A5-4A16-BB29-C887FD3063FA}.Debug|Any CPU.ActiveCfg = Debug|Any CPU
		{C462B471-86A5-4A16-BB29-C887FD3063FA}.Debug|Any CPU.Build.0 = Debug|Any CPU
		{C462B471-86A5-4A16-BB29-C887FD3063FA}.Debug|Any CPU.Deploy.0 = Debug|Any CPU
		{C462B471-86A5-4A16-BB29-C887FD3063FA}.Debug|iPhone.ActiveCfg = Debug|Any CPU
		{C462B471-86A5-4A16-BB29-C887FD3063FA}.Debug|iPhone.Build.0 = Debug|Any CPU
		{C462B471-86A5-4A16-BB29-C887FD3063FA}.Debug|iPhone.Deploy.0 = Debug|Any CPU
		{C462B471-86A5-4A16-BB29-C887FD3063FA}.Debug|iPhoneSimulator.ActiveCfg = Debug|Any CPU
		{C462B471-86A5-4A16-BB29-C887FD3063FA}.Debug|iPhoneSimulator.Build.0 = Debug|Any CPU
		{C462B471-86A5-4A16-BB29-C887FD3063FA}.Debug|iPhoneSimulator.Deploy.0 = Debug|Any CPU
		{C462B471-86A5-4A16-BB29-C887FD3063FA}.Release|Any CPU.ActiveCfg = Release|Any CPU
		{C462B471-86A5-4A16-BB29-C887FD3063FA}.Release|Any CPU.Build.0 = Release|Any CPU
		{C462B471-86A5-4A16-BB29-C887FD3063FA}.Release|Any CPU.Deploy.0 = Release|Any CPU
		{C462B471-86A5-4A16-BB29-C887FD3063FA}.Release|iPhone.ActiveCfg = Release|Any CPU
		{C462B471-86A5-4A16-BB29-C887FD3063FA}.Release|iPhone.Build.0 = Release|Any CPU
		{C462B471-86A5-4A16-BB29-C887FD3063FA}.Release|iPhone.Deploy.0 = Release|Any CPU
		{C462B471-86A5-4A16-BB29-C887FD3063FA}.Release|iPhoneSimulator.ActiveCfg = Release|Any CPU
		{C462B471-86A5-4A16-BB29-C887FD3063FA}.Release|iPhoneSimulator.Build.0 = Release|Any CPU
		{C462B471-86A5-4A16-BB29-C887FD3063FA}.Release|iPhoneSimulator.Deploy.0 = Release|Any CPU
	EndGlobalSection
	GlobalSection(SolutionProperties) = preSolution
		HideSolutionNode = FALSE
	EndGlobalSection
	GlobalSection(ExtensibilityGlobals) = postSolution
		SolutionGuid = {7E106973-AD60-4565-99C2-5FC1E00D96E5}
	EndGlobalSection
EndGlobal
