
Microsoft Visual Studio Solution File, Format Version 12.00
# Visual Studio 15
VisualStudioVersion = 15.0.27703.2042
MinimumVisualStudioVersion = 10.0.40219.1
Project("{FAE04EC0-301F-11D3-BF4B-00C04F79EFBC}") = "App_splash.Android", "App_splash\App_splash.Android\App_splash.Android.csproj", "{FB3DB41F-8741-41E0-BFA8-94683FE9993D}"
EndProject
Project("{FAE04EC0-301F-11D3-BF4B-00C04F79EFBC}") = "App_splash.iOS", "App_splash\App_splash.iOS\App_splash.iOS.csproj", "{4388A7FB-73DA-4771-92A1-482367B67916}"
EndProject
Project("{FAE04EC0-301F-11D3-BF4B-00C04F79EFBC}") = "App_splash", "App_splash\App_splash\App_splash.csproj", "{C9146706-FB36-4077-8769-B0644BE52BF2}"
EndProject
Global
	GlobalSection(SolutionConfigurationPlatforms) = preSolution
		Ad-Hoc|Any CPU = Ad-Hoc|Any CPU
		Ad-Hoc|iPhone = Ad-Hoc|iPhone
		Ad-Hoc|iPhoneSimulator = Ad-Hoc|iPhoneSimulator
		AppStore|Any CPU = AppStore|Any CPU
		AppStore|iPhone = AppStore|iPhone
		AppStore|iPhoneSimulator = AppStore|iPhoneSimulator
		Debug|Any CPU = Debug|Any CPU
		Debug|iPhone = Debug|iPhone
		Debug|iPhoneSimulator = Debug|iPhoneSimulator
		Release|Any CPU = Release|Any CPU
		Release|iPhone = Release|iPhone
		Release|iPhoneSimulator = Release|iPhoneSimulator
	EndGlobalSection
	GlobalSection(ProjectConfigurationPlatforms) = postSolution
		{FB3DB41F-8741-41E0-BFA8-94683FE9993D}.Ad-Hoc|Any CPU.ActiveCfg = Release|Any CPU
		{FB3DB41F-8741-41E0-BFA8-94683FE9993D}.Ad-Hoc|Any CPU.Build.0 = Release|Any CPU
		{FB3DB41F-8741-41E0-BFA8-94683FE9993D}.Ad-Hoc|Any CPU.Deploy.0 = Release|Any CPU
		{FB3DB41F-8741-41E0-BFA8-94683FE9993D}.Ad-Hoc|iPhone.ActiveCfg = Release|Any CPU
		{FB3DB41F-8741-41E0-BFA8-94683FE9993D}.Ad-Hoc|iPhone.Build.0 = Release|Any CPU
		{FB3DB41F-8741-41E0-BFA8-94683FE9993D}.Ad-Hoc|iPhone.Deploy.0 = Release|Any CPU
		{FB3DB41F-8741-41E0-BFA8-94683FE9993D}.Ad-Hoc|iPhoneSimulator.ActiveCfg = Release|Any CPU
		{FB3DB41F-8741-41E0-BFA8-94683FE9993D}.Ad-Hoc|iPhoneSimulator.Build.0 = Release|Any CPU
		{FB3DB41F-8741-41E0-BFA8-94683FE9993D}.Ad-Hoc|iPhoneSimulator.Deploy.0 = Release|Any CPU
		{FB3DB41F-8741-41E0-BFA8-94683FE9993D}.AppStore|Any CPU.ActiveCfg = Release|Any CPU
		{FB3DB41F-8741-41E0-BFA8-94683FE9993D}.AppStore|Any CPU.Build.0 = Release|Any CPU
		{FB3DB41F-8741-41E0-BFA8-94683FE9993D}.AppStore|Any CPU.Deploy.0 = Release|Any CPU
		{FB3DB41F-8741-41E0-BFA8-94683FE9993D}.AppStore|iPhone.ActiveCfg = Release|Any CPU
		{FB3DB41F-8741-41E0-BFA8-94683FE9993D}.AppStore|iPhone.Build.0 = Release|Any CPU
		{FB3DB41F-8741-41E0-BFA8-94683FE9993D}.AppStore|iPhone.Deploy.0 = Release|Any CPU
		{FB3DB41F-8741-41E0-BFA8-94683FE9993D}.AppStore|iPhoneSimulator.ActiveCfg = Release|Any CPU
		{FB3DB41F-8741-41E0-BFA8-94683FE9993D}.AppStore|iPhoneSimulator.Build.0 = Release|Any CPU
		{FB3DB41F-8741-41E0-BFA8-94683FE9993D}.AppStore|iPhoneSimulator.Deploy.0 = Release|Any CPU
		{FB3DB41F-8741-41E0-BFA8-94683FE9993D}.Debug|Any CPU.ActiveCfg = Debug|Any CPU
		{FB3DB41F-8741-41E0-BFA8-94683FE9993D}.Debug|Any CPU.Build.0 = Debug|Any CPU
		{FB3DB41F-8741-41E0-BFA8-94683FE9993D}.Debug|Any CPU.Deploy.0 = Debug|Any CPU
		{FB3DB41F-8741-41E0-BFA8-94683FE9993D}.Debug|iPhone.ActiveCfg = Debug|Any CPU
		{FB3DB41F-8741-41E0-BFA8-94683FE9993D}.Debug|iPhone.Build.0 = Debug|Any CPU
		{FB3DB41F-8741-41E0-BFA8-94683FE9993D}.Debug|iPhone.Deploy.0 = Debug|Any CPU
		{FB3DB41F-8741-41E0-BFA8-94683FE9993D}.Debug|iPhoneSimulator.ActiveCfg = Debug|Any CPU
		{FB3DB41F-8741-41E0-BFA8-94683FE9993D}.Debug|iPhoneSimulator.Build.0 = Debug|Any CPU
		{FB3DB41F-8741-41E0-BFA8-94683FE9993D}.Debug|iPhoneSimulator.Deploy.0 = Debug|Any CPU
		{FB3DB41F-8741-41E0-BFA8-94683FE9993D}.Release|Any CPU.ActiveCfg = Release|Any CPU
		{FB3DB41F-8741-41E0-BFA8-94683FE9993D}.Release|Any CPU.Build.0 = Release|Any CPU
		{FB3DB41F-8741-41E0-BFA8-94683FE9993D}.Release|Any CPU.Deploy.0 = Release|Any CPU
		{FB3DB41F-8741-41E0-BFA8-94683FE9993D}.Release|iPhone.ActiveCfg = Release|Any CPU
		{FB3DB41F-8741-41E0-BFA8-94683FE9993D}.Release|iPhone.Build.0 = Release|Any CPU
		{FB3DB41F-8741-41E0-BFA8-94683FE9993D}.Release|iPhone.Deploy.0 = Release|Any CPU
		{FB3DB41F-8741-41E0-BFA8-94683FE9993D}.Release|iPhoneSimulator.ActiveCfg = Release|Any CPU
		{FB3DB41F-8741-41E0-BFA8-94683FE9993D}.Release|iPhoneSimulator.Build.0 = Release|Any CPU
		{FB3DB41F-8741-41E0-BFA8-94683FE9993D}.Release|iPhoneSimulator.Deploy.0 = Release|Any CPU
		{4388A7FB-73DA-4771-92A1-482367B67916}.Ad-Hoc|Any CPU.ActiveCfg = Ad-Hoc|iPhone
		{4388A7FB-73DA-4771-92A1-482367B67916}.Ad-Hoc|Any CPU.Build.0 = Ad-Hoc|iPhone
		{4388A7FB-73DA-4771-92A1-482367B67916}.Ad-Hoc|Any CPU.Deploy.0 = Ad-Hoc|iPhone
		{4388A7FB-73DA-4771-92A1-482367B67916}.Ad-Hoc|iPhone.ActiveCfg = Ad-Hoc|iPhone
		{4388A7FB-73DA-4771-92A1-482367B67916}.Ad-Hoc|iPhone.Build.0 = Ad-Hoc|iPhone
		{4388A7FB-73DA-4771-92A1-482367B67916}.Ad-Hoc|iPhone.Deploy.0 = Ad-Hoc|iPhone
		{4388A7FB-73DA-4771-92A1-482367B67916}.Ad-Hoc|iPhoneSimulator.ActiveCfg = Ad-Hoc|iPhoneSimulator
		{4388A7FB-73DA-4771-92A1-482367B67916}.Ad-Hoc|iPhoneSimulator.Build.0 = Ad-Hoc|iPhoneSimulator
		{4388A7FB-73DA-4771-92A1-482367B67916}.Ad-Hoc|iPhoneSimulator.Deploy.0 = Ad-Hoc|iPhoneSimulator
		{4388A7FB-73DA-4771-92A1-482367B67916}.AppStore|Any CPU.ActiveCfg = AppStore|iPhone
		{4388A7FB-73DA-4771-92A1-482367B67916}.AppStore|Any CPU.Build.0 = AppStore|iPhone
		{4388A7FB-73DA-4771-92A1-482367B67916}.AppStore|Any CPU.Deploy.0 = AppStore|iPhone
		{4388A7FB-73DA-4771-92A1-482367B67916}.AppStore|iPhone.ActiveCfg = AppStore|iPhone
		{4388A7FB-73DA-4771-92A1-482367B67916}.AppStore|iPhone.Build.0 = AppStore|iPhone
		{4388A7FB-73DA-4771-92A1-482367B67916}.AppStore|iPhone.Deploy.0 = AppStore|iPhone
		{4388A7FB-73DA-4771-92A1-482367B67916}.AppStore|iPhoneSimulator.ActiveCfg = AppStore|iPhoneSimulator
		{4388A7FB-73DA-4771-92A1-482367B67916}.AppStore|iPhoneSimulator.Build.0 = AppStore|iPhoneSimulator
		{4388A7FB-73DA-4771-92A1-482367B67916}.AppStore|iPhoneSimulator.Deploy.0 = AppStore|iPhoneSimulator
		{4388A7FB-73DA-4771-92A1-482367B67916}.Debug|Any CPU.ActiveCfg = Debug|iPhoneSimulator
		{4388A7FB-73DA-4771-92A1-482367B67916}.Debug|Any CPU.Build.0 = Debug|iPhoneSimulator
		{4388A7FB-73DA-4771-92A1-482367B67916}.Debug|Any CPU.Deploy.0 = Debug|iPhoneSimulator
		{4388A7FB-73DA-4771-92A1-482367B67916}.Debug|iPhone.ActiveCfg = Debug|iPhone
		{4388A7FB-73DA-4771-92A1-482367B67916}.Debug|iPhone.Build.0 = Debug|iPhone
		{4388A7FB-73DA-4771-92A1-482367B67916}.Debug|iPhone.Deploy.0 = Debug|iPhone
		{4388A7FB-73DA-4771-92A1-482367B67916}.Debug|iPhoneSimulator.ActiveCfg = Debug|iPhoneSimulator
		{4388A7FB-73DA-4771-92A1-482367B67916}.Debug|iPhoneSimulator.Build.0 = Debug|iPhoneSimulator
		{4388A7FB-73DA-4771-92A1-482367B67916}.Debug|iPhoneSimulator.Deploy.0 = Debug|iPhoneSimulator
		{4388A7FB-73DA-4771-92A1-482367B67916}.Release|Any CPU.ActiveCfg = Release|iPhone
		{4388A7FB-73DA-4771-92A1-482367B67916}.Release|Any CPU.Build.0 = Release|iPhone
		{4388A7FB-73DA-4771-92A1-482367B67916}.Release|Any CPU.Deploy.0 = Release|iPhone
		{4388A7FB-73DA-4771-92A1-482367B67916}.Release|iPhone.ActiveCfg = Release|iPhone
		{4388A7FB-73DA-4771-92A1-482367B67916}.Release|iPhone.Build.0 = Release|iPhone
		{4388A7FB-73DA-4771-92A1-482367B67916}.Release|iPhone.Deploy.0 = Release|iPhone
		{4388A7FB-73DA-4771-92A1-482367B67916}.Release|iPhoneSimulator.ActiveCfg = Release|iPhoneSimulator
		{4388A7FB-73DA-4771-92A1-482367B67916}.Release|iPhoneSimulator.Build.0 = Release|iPhoneSimulator
		{4388A7FB-73DA-4771-92A1-482367B67916}.Release|iPhoneSimulator.Deploy.0 = Release|iPhoneSimulator
		{C9146706-FB36-4077-8769-B0644BE52BF2}.Ad-Hoc|Any CPU.ActiveCfg = Debug|Any CPU
		{C9146706-FB36-4077-8769-B0644BE52BF2}.Ad-Hoc|Any CPU.Build.0 = Debug|Any CPU
		{C9146706-FB36-4077-8769-B0644BE52BF2}.Ad-Hoc|Any CPU.Deploy.0 = Debug|Any CPU
		{C9146706-FB36-4077-8769-B0644BE52BF2}.Ad-Hoc|iPhone.ActiveCfg = Debug|Any CPU
		{C9146706-FB36-4077-8769-B0644BE52BF2}.Ad-Hoc|iPhone.Build.0 = Debug|Any CPU
		{C9146706-FB36-4077-8769-B0644BE52BF2}.Ad-Hoc|iPhone.Deploy.0 = Debug|Any CPU
		{C9146706-FB36-4077-8769-B0644BE52BF2}.Ad-Hoc|iPhoneSimulator.ActiveCfg = Debug|Any CPU
		{C9146706-FB36-4077-8769-B0644BE52BF2}.Ad-Hoc|iPhoneSimulator.Build.0 = Debug|Any CPU
		{C9146706-FB36-4077-8769-B0644BE52BF2}.Ad-Hoc|iPhoneSimulator.Deploy.0 = Debug|Any CPU
		{C9146706-FB36-4077-8769-B0644BE52BF2}.AppStore|Any CPU.ActiveCfg = Debug|Any CPU
		{C9146706-FB36-4077-8769-B0644BE52BF2}.AppStore|Any CPU.Build.0 = Debug|Any CPU
		{C9146706-FB36-4077-8769-B0644BE52BF2}.AppStore|Any CPU.Deploy.0 = Debug|Any CPU
		{C9146706-FB36-4077-8769-B0644BE52BF2}.AppStore|iPhone.ActiveCfg = Debug|Any CPU
		{C9146706-FB36-4077-8769-B0644BE52BF2}.AppStore|iPhone.Build.0 = Debug|Any CPU
		{C9146706-FB36-4077-8769-B0644BE52BF2}.AppStore|iPhone.Deploy.0 = Debug|Any CPU
		{C9146706-FB36-4077-8769-B0644BE52BF2}.AppStore|iPhoneSimulator.ActiveCfg = Debug|Any CPU
		{C9146706-FB36-4077-8769-B0644BE52BF2}.AppStore|iPhoneSimulator.Build.0 = Debug|Any CPU
		{C9146706-FB36-4077-8769-B0644BE52BF2}.AppStore|iPhoneSimulator.Deploy.0 = Debug|Any CPU
		{C9146706-FB36-4077-8769-B0644BE52BF2}.Debug|Any CPU.ActiveCfg = Debug|Any CPU
		{C9146706-FB36-4077-8769-B0644BE52BF2}.Debug|Any CPU.Build.0 = Debug|Any CPU
		{C9146706-FB36-4077-8769-B0644BE52BF2}.Debug|Any CPU.Deploy.0 = Debug|Any CPU
		{C9146706-FB36-4077-8769-B0644BE52BF2}.Debug|iPhone.ActiveCfg = Debug|Any CPU
		{C9146706-FB36-4077-8769-B0644BE52BF2}.Debug|iPhone.Build.0 = Debug|Any CPU
		{C9146706-FB36-4077-8769-B0644BE52BF2}.Debug|iPhone.Deploy.0 = Debug|Any CPU
		{C9146706-FB36-4077-8769-B0644BE52BF2}.Debug|iPhoneSimulator.ActiveCfg = Debug|Any CPU
		{C9146706-FB36-4077-8769-B0644BE52BF2}.Debug|iPhoneSimulator.Build.0 = Debug|Any CPU
		{C9146706-FB36-4077-8769-B0644BE52BF2}.Debug|iPhoneSimulator.Deploy.0 = Debug|Any CPU
		{C9146706-FB36-4077-8769-B0644BE52BF2}.Release|Any CPU.ActiveCfg = Release|Any CPU
		{C9146706-FB36-4077-8769-B0644BE52BF2}.Release|Any CPU.Build.0 = Release|Any CPU
		{C9146706-FB36-4077-8769-B0644BE52BF2}.Release|Any CPU.Deploy.0 = Release|Any CPU
		{C9146706-FB36-4077-8769-B0644BE52BF2}.Release|iPhone.ActiveCfg = Release|Any CPU
		{C9146706-FB36-4077-8769-B0644BE52BF2}.Release|iPhone.Build.0 = Release|Any CPU
		{C9146706-FB36-4077-8769-B0644BE52BF2}.Release|iPhone.Deploy.0 = Release|Any CPU
		{C9146706-FB36-4077-8769-B0644BE52BF2}.Release|iPhoneSimulator.ActiveCfg = Release|Any CPU
		{C9146706-FB36-4077-8769-B0644BE52BF2}.Release|iPhoneSimulator.Build.0 = Release|Any CPU
		{C9146706-FB36-4077-8769-B0644BE52BF2}.Release|iPhoneSimulator.Deploy.0 = Release|Any CPU
	EndGlobalSection
	GlobalSection(SolutionProperties) = preSolution
		HideSolutionNode = FALSE
	EndGlobalSection
	GlobalSection(ExtensibilityGlobals) = postSolution
		SolutionGuid = {15FDC178-8C58-4CD4-9F57-D4FCE0227EBE}
	EndGlobalSection
EndGlobal
