
Microsoft Visual Studio Solution File, Format Version 12.00
# Visual Studio 15
VisualStudioVersion = 15.0.27703.2042
MinimumVisualStudioVersion = 10.0.40219.1
Project("{FAE04EC0-301F-11D3-BF4B-00C04F79EFBC}") = "DBtest.Android", "DBtest\DBtest.Android\DBtest.Android.csproj", "{02F57912-B36E-4B55-A891-6BC954D7092B}"
EndProject
Project("{FAE04EC0-301F-11D3-BF4B-00C04F79EFBC}") = "DBtest", "DBtest\DBtest\DBtest.csproj", "{5773D0FF-DABE-4267-9B8D-4C4853F7226A}"
EndProject
Global
	GlobalSection(SolutionConfigurationPlatforms) = preSolution
		Debug|Any CPU = Debug|Any CPU
		Release|Any CPU = Release|Any CPU
	EndGlobalSection
	GlobalSection(ProjectConfigurationPlatforms) = postSolution
		{02F57912-B36E-4B55-A891-6BC954D7092B}.Debug|Any CPU.ActiveCfg = Debug|Any CPU
		{02F57912-B36E-4B55-A891-6BC954D7092B}.Debug|Any CPU.Build.0 = Debug|Any CPU
		{02F57912-B36E-4B55-A891-6BC954D7092B}.Debug|Any CPU.Deploy.0 = Debug|Any CPU
		{02F57912-B36E-4B55-A891-6BC954D7092B}.Release|Any CPU.ActiveCfg = Release|Any CPU
		{02F57912-B36E-4B55-A891-6BC954D7092B}.Release|Any CPU.Build.0 = Release|Any CPU
		{02F57912-B36E-4B55-A891-6BC954D7092B}.Release|Any CPU.Deploy.0 = Release|Any CPU
		{5773D0FF-DABE-4267-9B8D-4C4853F7226A}.Debug|Any CPU.ActiveCfg = Debug|Any CPU
		{5773D0FF-DABE-4267-9B8D-4C4853F7226A}.Debug|Any CPU.Build.0 = Debug|Any CPU
		{5773D0FF-DABE-4267-9B8D-4C4853F7226A}.Debug|Any CPU.Deploy.0 = Debug|Any CPU
		{5773D0FF-DABE-4267-9B8D-4C4853F7226A}.Release|Any CPU.ActiveCfg = Release|Any CPU
		{5773D0FF-DABE-4267-9B8D-4C4853F7226A}.Release|Any CPU.Build.0 = Release|Any CPU
		{5773D0FF-DABE-4267-9B8D-4C4853F7226A}.Release|Any CPU.Deploy.0 = Release|Any CPU
	EndGlobalSection
	GlobalSection(SolutionProperties) = preSolution
		HideSolutionNode = FALSE
	EndGlobalSection
	GlobalSection(ExtensibilityGlobals) = postSolution
		SolutionGuid = {D205886D-B2BD-4740-97F3-34E74872F96A}
	EndGlobalSection
EndGlobal
